
Microsoft Visual Studio Solution File, Format Version 12.00
# Visual Studio Version 17
VisualStudioVersion = 17.0.31903.59
MinimumVisualStudioVersion = 10.0.40219.1
Project("{2150E333-8FDC-42A3-9474-1A3956D46DE8}") = "src", "src", "{6AD865A0-8EE8-4BE3-89C8-225420DC0D2F}"
EndProject
Project("{FAE04EC0-301F-11D3-BF4B-00C04F79EFBC}") = "MiniCloudERP.Entities", "src\MiniCloudERP.Entities\MiniCloudERP.Entities.csproj", "{BA1E56E3-39A1-4E9F-8278-05F253160B13}"
EndProject
Project("{FAE04EC0-301F-11D3-BF4B-00C04F79EFBC}") = "MiniCloudERP.DataAccess", "src\MiniCloudERP.DataAccess\MiniCloudERP.DataAccess.csproj", "{3BC78887-E761-4698-98D4-AA03739620D7}"
EndProject
Project("{FAE04EC0-301F-11D3-BF4B-00C04F79EFBC}") = "MiniCloudERP.Business", "src\MiniCloudERP.Business\MiniCloudERP.Business.csproj", "{94A1D7A2-4E63-47C0-8F31-16D28A7809AF}"
EndProject
Project("{FAE04EC0-301F-11D3-BF4B-00C04F79EFBC}") = "MiniCloudERP.Web", "src\MiniCloudERP.Web\MiniCloudERP.Web.csproj", "{B1FAF820-C849-4CFD-8737-0EBDF1657509}"
EndProject
Global
	GlobalSection(SolutionConfigurationPlatforms) = preSolution
		Debug|Any CPU = Debug|Any CPU
		Release|Any CPU = Release|Any CPU
	EndGlobalSection
	GlobalSection(SolutionProperties) = preSolution
		HideSolutionNode = FALSE
	EndGlobalSection
	GlobalSection(ProjectConfigurationPlatforms) = postSolution
		{BA1E56E3-39A1-4E9F-8278-05F253160B13}.Debug|Any CPU.ActiveCfg = Debug|Any CPU
		{BA1E56E3-39A1-4E9F-8278-05F253160B13}.Debug|Any CPU.Build.0 = Debug|Any CPU
		{BA1E56E3-39A1-4E9F-8278-05F253160B13}.Release|Any CPU.ActiveCfg = Release|Any CPU
		{BA1E56E3-39A1-4E9F-8278-05F253160B13}.Release|Any CPU.Build.0 = Release|Any CPU
		{3BC78887-E761-4698-98D4-AA03739620D7}.Debug|Any CPU.ActiveCfg = Debug|Any CPU
		{3BC78887-E761-4698-98D4-AA03739620D7}.Debug|Any CPU.Build.0 = Debug|Any CPU
		{3BC78887-E761-4698-98D4-AA03739620D7}.Release|Any CPU.ActiveCfg = Release|Any CPU
		{3BC78887-E761-4698-98D4-AA03739620D7}.Release|Any CPU.Build.0 = Release|Any CPU
		{94A1D7A2-4E63-47C0-8F31-16D28A7809AF}.Debug|Any CPU.ActiveCfg = Debug|Any CPU
		{94A1D7A2-4E63-47C0-8F31-16D28A7809AF}.Debug|Any CPU.Build.0 = Debug|Any CPU
		{94A1D7A2-4E63-47C0-8F31-16D28A7809AF}.Release|Any CPU.ActiveCfg = Release|Any CPU
		{94A1D7A2-4E63-47C0-8F31-16D28A7809AF}.Release|Any CPU.Build.0 = Release|Any CPU
		{B1FAF820-C849-4CFD-8737-0EBDF1657509}.Debug|Any CPU.ActiveCfg = Debug|Any CPU
		{B1FAF820-C849-4CFD-8737-0EBDF1657509}.Debug|Any CPU.Build.0 = Debug|Any CPU
		{B1FAF820-C849-4CFD-8737-0EBDF1657509}.Release|Any CPU.ActiveCfg = Release|Any CPU
		{B1FAF820-C849-4CFD-8737-0EBDF1657509}.Release|Any CPU.Build.0 = Release|Any CPU
	EndGlobalSection
	GlobalSection(NestedProjects) = preSolution
		{BA1E56E3-39A1-4E9F-8278-05F253160B13} = {6AD865A0-8EE8-4BE3-89C8-225420DC0D2F}
		{3BC78887-E761-4698-98D4-AA03739620D7} = {6AD865A0-8EE8-4BE3-89C8-225420DC0D2F}
		{94A1D7A2-4E63-47C0-8F31-16D28A7809AF} = {6AD865A0-8EE8-4BE3-89C8-225420DC0D2F}
		{B1FAF820-C849-4CFD-8737-0EBDF1657509} = {6AD865A0-8EE8-4BE3-89C8-225420DC0D2F}
	EndGlobalSection
EndGlobal
